
Microsoft Visual Studio Solution File, Format Version 12.00
# Visual Studio Version 17
VisualStudioVersion = 17.14.36408.4 d17.14
MinimumVisualStudioVersion = 10.0.40219.1
Project("{FAE04EC0-301F-11D3-BF4B-00C04F79EFBC}") = "CarRentalApp", "CarRentalApp.csproj", "{CDBEF84A-1152-4063-9386-9FF70747658A}"
EndProject
Global
	GlobalSection(SolutionConfigurationPlatforms) = preSolution
		Debug|Any CPU = Debug|Any CPU
		Release|Any CPU = Release|Any CPU
	EndGlobalSection
	GlobalSection(ProjectConfigurationPlatforms) = postSolution
		{CDBEF84A-1152-4063-9386-9FF70747658A}.Debug|Any CPU.ActiveCfg = Debug|Any CPU
		{CDBEF84A-1152-4063-9386-9FF70747658A}.Debug|Any CPU.Build.0 = Debug|Any CPU
		{CDBEF84A-1152-4063-9386-9FF70747658A}.Release|Any CPU.ActiveCfg = Release|Any CPU
		{CDBEF84A-1152-4063-9386-9FF70747658A}.Release|Any CPU.Build.0 = Release|Any CPU
	EndGlobalSection
	GlobalSection(SolutionProperties) = preSolution
		HideSolutionNode = FALSE
	EndGlobalSection
	GlobalSection(ExtensibilityGlobals) = postSolution
		SolutionGuid = {95C8EEAA-F903-4697-832D-CB735205CC8D}
	EndGlobalSection
EndGlobal
